// !$*UTF8*$!
{
	archiveVersion = 1;
	classes = {
	};
	objectVersion = 48;
	objects = {

/* Begin PBXBuildFile section */
		9BF8563A204E86AC00EDD2AE /* AppDelegate.swift in Sources */ = {isa = PBXBuildFile; fileRef = 9BF85639204E86AC00EDD2AE /* AppDelegate.swift */; };
		9BF8563C204E86AC00EDD2AE /* ViewController.swift in Sources */ = {isa = PBXBuildFile; fileRef = 9BF8563B204E86AC00EDD2AE /* ViewController.swift */; };
		9BF8563F204E86AC00EDD2AE /* Main.storyboard in Resources */ = {isa = PBXBuildFile; fileRef = 9BF8563D204E86AC00EDD2AE /* Main.storyboard */; };
		9BF85642204E86AD00EDD2AE /* AccessingCamera.xcdatamodeld in Sources */ = {isa = PBXBuildFile; fileRef = 9BF85640204E86AD00EDD2AE /* AccessingCamera.xcdatamodeld */; };
		9BF85644204E86AD00EDD2AE /* Assets.xcassets in Resources */ = {isa = PBXBuildFile; fileRef = 9BF85643204E86AD00EDD2AE /* Assets.xcassets */; };
		9BF85647204E86AD00EDD2AE /* LaunchScreen.storyboard in Resources */ = {isa = PBXBuildFile; fileRef = 9BF85645204E86AD00EDD2AE /* LaunchScreen.storyboard */; };
/* End PBXBuildFile section */

/* Begin PBXFileReference section */
		9BF85636204E86AB00EDD2AE /* AccessingCamera.app */ = {isa = PBXFileReference; explicitFileType = wrapper.application; includeInIndex = 0; path = AccessingCamera.app; sourceTree = BUILT_PRODUCTS_DIR; };
		9BF85639204E86AC00EDD2AE /* AppDelegate.swift */ = {isa = PBXFileReference; lastKnownFileType = sourcecode.swift; path = AppDelegate.swift; sourceTree = "<group>"; };
		9BF8563B204E86AC00EDD2AE /* ViewController.swift */ = {isa = PBXFileReference; lastKnownFileType = sourcecode.swift; path = ViewController.swift; sourceTree = "<group>"; };
		9BF8563E204E86AC00EDD2AE /* Base */ = {isa = PBXFileReference; lastKnownFileType = file.storyboard; name = Base; path = Base.lproj/Main.storyboard; sourceTree = "<group>"; };
		9BF85641204E86AD00EDD2AE /* AccessingCamera.xcdatamodel */ = {isa = PBXFileReference; lastKnownFileType = wrapper.xcdatamodel; path = AccessingCamera.xcdatamodel; sourceTree = "<group>"; };
		9BF85643204E86AD00EDD2AE /* Assets.xcassets */ = {isa = PBXFileReference; lastKnownFileType = folder.assetcatalog; path = Assets.xcassets; sourceTree = "<group>"; };
		9BF85646204E86AD00EDD2AE /* Base */ = {isa = PBXFileReference; lastKnownFileType = file.storyboard; name = Base; path = Base.lproj/LaunchScreen.storyboard; sourceTree = "<group>"; };
		9BF85648204E86AD00EDD2AE /* Info.plist */ = {isa = PBXFileReference; lastKnownFileType = text.plist.xml; path = Info.plist; sourceTree = "<group>"; };
/* End PBXFileReference section */

/* Begin PBXFrameworksBuildPhase section */
		9BF85633204E86AB00EDD2AE /* Frameworks */ = {
			isa = PBXFrameworksBuildPhase;
			buildActionMask = 2147483647;
			files = (
			);
			runOnlyForDeploymentPostprocessing = 0;
		};
/* End PBXFrameworksBuildPhase section */

/* Begin PBXGroup section */
		9BF8562D204E86AB00EDD2AE = {
			isa = PBXGroup;
			children = (
				9BF85638204E86AC00EDD2AE /* AccessingCamera */,
				9BF85637204E86AB00EDD2AE /* Products */,
			);
			sourceTree = "<group>";
		};
		9BF85637204E86AB00EDD2AE /* Products */ = {
			isa = PBXGroup;
			children = (
				9BF85636204E86AB00EDD2AE /* AccessingCamera.app */,
			);
			name = Products;
			sourceTree = "<group>";
		};
		9BF85638204E86AC00EDD2AE /* AccessingCamera */ = {
			isa = PBXGroup;
			children = (
				9BF85639204E86AC00EDD2AE /* AppDelegate.swift */,
				9BF8563B204E86AC00EDD2AE /* ViewController.swift */,
				9BF8563D204E86AC00EDD2AE /* Main.storyboard */,
				9BF85643204E86AD00EDD2AE /* Assets.xcassets */,
				9BF85645204E86AD00EDD2AE /* LaunchScreen.storyboard */,
				9BF85648204E86AD00EDD2AE /* Info.plist */,
				9BF85640204E86AD00EDD2AE /* AccessingCamera.xcdatamodeld */,
			);
			path = AccessingCamera;
			sourceTree = "<group>";
		};
/* End PBXGroup section */

/* Begin PBXNativeTarget section */
		9BF85635204E86AB00EDD2AE /* AccessingCamera */ = {
			isa = PBXNativeTarget;
			buildConfigurationList = 9BF8564B204E86AD00EDD2AE /* Build configuration list for PBXNativeTarget "AccessingCamera" */;
			buildPhases = (
				9BF85632204E86AB00EDD2AE /* Sources */,
				9BF85633204E86AB00EDD2AE /* Frameworks */,
				9BF85634204E86AB00EDD2AE /* Resources */,
			);
			buildRules = (
			);
			dependencies = (
			);
			name = AccessingCamera;
			productName = AccessingCamera;
			productReference = 9BF85636204E86AB00EDD2AE /* AccessingCamera.app */;
			productType = "com.apple.product-type.application";
		};
/* End PBXNativeTarget section */

/* Begin PBXProject section */
		9BF8562E204E86AB00EDD2AE /* Project object */ = {
			isa = PBXProject;
			attributes = {
				LastSwiftUpdateCheck = 0920;
				LastUpgradeCheck = 0920;
				ORGANIZATIONNAME = MacStudent;
				TargetAttributes = {
					9BF85635204E86AB00EDD2AE = {
						CreatedOnToolsVersion = 9.2;
						ProvisioningStyle = Automatic;
					};
				};
			};
			buildConfigurationList = 9BF85631204E86AB00EDD2AE /* Build configuration list for PBXProject "AccessingCamera" */;
			compatibilityVersion = "Xcode 8.0";
			developmentRegion = en;
			hasScannedForEncodings = 0;
			knownRegions = (
				en,
				Base,
			);
			mainGroup = 9BF8562D204E86AB00EDD2AE;
			productRefGroup = 9BF85637204E86AB00EDD2AE /* Products */;
			projectDirPath = "";
			projectRoot = "";
			targets = (
				9BF85635204E86AB00EDD2AE /* AccessingCamera */,
			);
		};
/* End PBXProject section */

/* Begin PBXResourcesBuildPhase section */
		9BF85634204E86AB00EDD2AE /* Resources */ = {
			isa = PBXResourcesBuildPhase;
			buildActionMask = 2147483647;
			files = (
				9BF85647204E86AD00EDD2AE /* LaunchScreen.storyboard in Resources */,
				9BF85644204E86AD00EDD2AE /* Assets.xcassets in Resources */,
				9BF8563F204E86AC00EDD2AE /* Main.storyboard in Resources */,
			);
			runOnlyForDeploymentPostprocessing = 0;
		};
/* End PBXResourcesBuildPhase section */

/* Begin PBXSourcesBuildPhase section */
		9BF85632204E86AB00EDD2AE /* Sources */ = {
			isa = PBXSourcesBuildPhase;
			buildActionMask = 2147483647;
			files = (
				9BF8563C204E86AC00EDD2AE /* ViewController.swift in Sources */,
				9BF85642204E86AD00EDD2AE /* AccessingCamera.xcdatamodeld in Sources */,
				9BF8563A204E86AC00EDD2AE /* AppDelegate.swift in Sources */,
			);
			runOnlyForDeploymentPostprocessing = 0;
		};
/* End PBXSourcesBuildPhase section */

/* Begin PBXVariantGroup section */
		9BF8563D204E86AC00EDD2AE /* Main.storyboard */ = {
			isa = PBXVariantGroup;
			children = (
				9BF8563E204E86AC00EDD2AE /* Base */,
			);
			name = Main.storyboard;
			sourceTree = "<group>";
		};
		9BF85645204E86AD00EDD2AE /* LaunchScreen.storyboard */ = {
			isa = PBXVariantGroup;
			children = (
				9BF85646204E86AD00EDD2AE /* Base */,
			);
			name = LaunchScreen.storyboard;
			sourceTree = "<group>";
		};
/* End PBXVariantGroup section */

/* Begin XCBuildConfiguration section */
		9BF85649204E86AD00EDD2AE /* Debug */ = {
			isa = XCBuildConfiguration;
			buildSettings = {
				ALWAYS_SEARCH_USER_PATHS = NO;
				CLANG_ANALYZER_NONNULL = YES;
				CLANG_ANALYZER_NUMBER_OBJECT_CONVERSION = YES_AGGRESSIVE;
				CLANG_CXX_LANGUAGE_STANDARD = "gnu++14";
				CLANG_CXX_LIBRARY = "libc++";
				CLANG_ENABLE_MODULES = YES;
				CLANG_ENABLE_OBJC_ARC = YES;
				CLANG_WARN_BLOCK_CAPTURE_AUTORELEASING = YES;
				CLANG_WARN_BOOL_CONVERSION = YES;
				CLANG_WARN_COMMA = YES;
				CLANG_WARN_CONSTANT_CONVERSION = YES;
				CLANG_WARN_DIRECT_OBJC_ISA_USAGE = YES_ERROR;
				CLANG_WARN_DOCUMENTATION_COMMENTS = YES;
				CLANG_WARN_EMPTY_BODY = YES;
				CLANG_WARN_ENUM_CONVERSION = YES;
				CLANG_WARN_INFINITE_RECURSION = YES;
				CLANG_WARN_INT_CONVERSION = YES;
				CLANG_WARN_NON_LITERAL_NULL_CONVERSION = YES;
				CLANG_WARN_OBJC_LITERAL_CONVERSION = YES;
				CLANG_WARN_OBJC_ROOT_CLASS = YES_ERROR;
				CLANG_WARN_RANGE_LOOP_ANALYSIS = YES;
				CLANG_WARN_STRICT_PROTOTYPES = YES;
				CLANG_WARN_SUSPICIOUS_MOVE = YES;
				CLANG_WARN_UNGUARDED_AVAILABILITY = YES_AGGRESSIVE;
				CLANG_WARN_UNREACHABLE_CODE = YES;
				CLANG_WARN__DUPLICATE_METHOD_MATCH = YES;
				CODE_SIGN_IDENTITY = "iPhone Developer";
				COPY_PHASE_STRIP = NO;
				DEBUG_INFORMATION_FORMAT = dwarf;
				ENABLE_STRICT_OBJC_MSGSEND = YES;
				ENABLE_TESTABILITY = YES;
				GCC_C_LANGUAGE_STANDARD = gnu11;
				GCC_DYNAMIC_NO_PIC = NO;
				GCC_NO_COMMON_BLOCKS = YES;
				GCC_OPTIMIZATION_LEVEL = 0;
				GCC_PREPROCESSOR_DEFINITIONS = (
					"DEBUG=1",
					"$(inherited)",
				);
				GCC_WARN_64_TO_32_BIT_CONVERSION = YES;
				GCC_WARN_ABOUT_RETURN_TYPE = YES_ERROR;
				GCC_WARN_UNDECLARED_SELECTOR = YES;
				GCC_WARN_UNINITIALIZED_AUTOS = YES_AGGRESSIVE;
				GCC_WARN_UNUSED_FUNCTION = YES;
				GCC_WARN_UNUSED_VARIABLE = YES;
				IPHONEOS_DEPLOYMENT_TARGET = 11.2;
				MTL_ENABLE_DEBUG_INFO = YES;
				ONLY_ACTIVE_ARCH = YES;
				SDKROOT = iphoneos;
				SWIFT_ACTIVE_COMPILATION_CONDITIONS = DEBUG;
				SWIFT_OPTIMIZATION_LEVEL = "-Onone";
			};
			name = Debug;
		};
		9BF8564A204E86AD00EDD2AE /* Release */ = {
			isa = XCBuildConfiguration;
			buildSettings = {
				ALWAYS_SEARCH_USER_PATHS = NO;
				CLANG_ANALYZER_NONNULL = YES;
				CLANG_ANALYZER_NUMBER_OBJECT_CONVERSION = YES_AGGRESSIVE;
				CLANG_CXX_LANGUAGE_STANDARD = "gnu++14";
				CLANG_CXX_LIBRARY = "libc++";
				CLANG_ENABLE_MODULES = YES;
				CLANG_ENABLE_OBJC_ARC = YES;
				CLANG_WARN_BLOCK_CAPTURE_AUTORELEASING = YES;
				CLANG_WARN_BOOL_CONVERSION = YES;
				CLANG_WARN_COMMA = YES;
				CLANG_WARN_CONSTANT_CONVERSION = YES;
				CLANG_WARN_DIRECT_OBJC_ISA_USAGE = YES_ERROR;
				CLANG_WARN_DOCUMENTATION_COMMENTS = YES;
				CLANG_WARN_EMPTY_BODY = YES;
				CLANG_WARN_ENUM_CONVERSION = YES;
				CLANG_WARN_INFINITE_RECURSION = YES;
				CLANG_WARN_INT_CONVERSION = YES;
				CLANG_WARN_NON_LITERAL_NULL_CONVERSION = YES;
				CLANG_WARN_OBJC_LITERAL_CONVERSION = YES;
				CLANG_WARN_OBJC_ROOT_CLASS = YES_ERROR;
				CLANG_WARN_RANGE_LOOP_ANALYSIS = YES;
				CLANG_WARN_STRICT_PROTOTYPES = YES;
				CLANG_WARN_SUSPICIOUS_MOVE = YES;
				CLANG_WARN_UNGUARDED_AVAILABILITY = YES_AGGRESSIVE;
				CLANG_WARN_UNREACHABLE_CODE = YES;
				CLANG_WARN__DUPLICATE_METHOD_MATCH = YES;
				CODE_SIGN_IDENTITY = "iPhone Developer";
				COPY_PHASE_STRIP = NO;
				DEBUG_INFORMATION_FORMAT = "dwarf-with-dsym";
				ENABLE_NS_ASSERTIONS = NO;
				ENABLE_STRICT_OBJC_MSGSEND = YES;
				GCC_C_LANGUAGE_STANDARD = gnu11;
				GCC_NO_COMMON_BLOCKS = YES;
				GCC_WARN_64_TO_32_BIT_CONVERSION = YES;
				GCC_WARN_ABOUT_RETURN_TYPE = YES_ERROR;
				GCC_WARN_UNDECLARED_SELECTOR = YES;
				GCC_WARN_UNINITIALIZED_AUTOS = YES_AGGRESSIVE;
				GCC_WARN_UNUSED_FUNCTION = YES;
				GCC_WARN_UNUSED_VARIABLE = YES;
				IPHONEOS_DEPLOYMENT_TARGET = 11.2;
				MTL_ENABLE_DEBUG_INFO = NO;
				SDKROOT = iphoneos;
				SWIFT_OPTIMIZATION_LEVEL = "-Owholemodule";
				VALIDATE_PRODUCT = YES;
			};
			name = Release;
		};
		9BF8564C204E86AD00EDD2AE /* Debug */ = {
			isa = XCBuildConfiguration;
			buildSettings = {
				ASSETCATALOG_COMPILER_APPICON_NAME = AppIcon;
				CODE_SIGN_STYLE = Automatic;
				INFOPLIST_FILE = AccessingCamera/Info.plist;
				LD_RUNPATH_SEARCH_PATHS = "$(inherited) @executable_path/Frameworks";
				PRODUCT_BUNDLE_IDENTIFIER = CestarCollege.AccessingCamera;
				PRODUCT_NAME = "$(TARGET_NAME)";
				SWIFT_VERSION = 4.0;
				TARGETED_DEVICE_FAMILY = "1,2";
			};
			name = Debug;
		};
		9BF8564D204E86AD00EDD2AE /* Release */ = {
			isa = XCBuildConfiguration;
			buildSettings = {
				ASSETCATALOG_COMPILER_APPICON_NAME = AppIcon;
				CODE_SIGN_STYLE = Automatic;
				INFOPLIST_FILE = AccessingCamera/Info.plist;
				LD_RUNPATH_SEARCH_PATHS = "$(inherited) @executable_path/Frameworks";
				PRODUCT_BUNDLE_IDENTIFIER = CestarCollege.AccessingCamera;
				PRODUCT_NAME = "$(TARGET_NAME)";
				SWIFT_VERSION = 4.0;
				TARGETED_DEVICE_FAMILY = "1,2";
			};
			name = Release;
		};
/* End XCBuildConfiguration section */

/* Begin XCConfigurationList section */
		9BF85631204E86AB00EDD2AE /* Build configuration list for PBXProject "AccessingCamera" */ = {
			isa = XCConfigurationList;
			buildConfigurations = (
				9BF85649204E86AD00EDD2AE /* Debug */,
				9BF8564A204E86AD00EDD2AE /* Release */,
			);
			defaultConfigurationIsVisible = 0;
			defaultConfigurationName = Release;
		};
		9BF8564B204E86AD00EDD2AE /* Build configuration list for PBXNativeTarget "AccessingCamera" */ = {
			isa = XCConfigurationList;
			buildConfigurations = (
				9BF8564C204E86AD00EDD2AE /* Debug */,
				9BF8564D204E86AD00EDD2AE /* Release */,
			);
			defaultConfigurationIsVisible = 0;
			defaultConfigurationName = Release;
		};
/* End XCConfigurationList section */

/* Begin XCVersionGroup section */
		9BF85640204E86AD00EDD2AE /* AccessingCamera.xcdatamodeld */ = {
			isa = XCVersionGroup;
			children = (
				9BF85641204E86AD00EDD2AE /* AccessingCamera.xcdatamodel */,
			);
			currentVersion = 9BF85641204E86AD00EDD2AE /* AccessingCamera.xcdatamodel */;
			path = AccessingCamera.xcdatamodeld;
			sourceTree = "<group>";
			versionGroupType = wrapper.xcdatamodel;
		};
/* End XCVersionGroup section */
	};
	rootObject = 9BF8562E204E86AB00EDD2AE /* Project object */;
}
